PODS:
  - SwiftLint (0.35.0)
  - TakeASelfie (0.1.3)

DEPENDENCIES:
  - SwiftLint
  - TakeASelfie (from `.`)

SPEC REPOS:
  https://github.com/cocoapods/specs.git:
    - SwiftLint

EXTERNAL SOURCES:
  TakeASelfie:
    :path: "."

SPEC CHECKSUMS:
  SwiftLint: 5553187048b900c91aa03552807681bb6b027846
  TakeASelfie: ac2d919c1f2022f39d7a1e6841e81f3aad2fffb9

PODFILE CHECKSUM: 05cf83982ed453be36bbcd69a0cf01e41fff51e5

COCOAPODS: 1.6.2
