// !$*UTF8*$!
{
	archiveVersion = 1;
	classes = {
	};
	objectVersion = 50;
	objects = {

/* Begin PBXBuildFile section */
		A4AAE0632116179500BB16B6 /* Main.storyboard in Resources */ = {isa = PBXBuildFile; fileRef = A4AAE0622116179500BB16B6 /* Main.storyboard */; };
		A4AAE0682116182200BB16B6 /* MainViewController.swift in Sources */ = {isa = PBXBuildFile; fileRef = A4AAE0672116182200BB16B6 /* MainViewController.swift */; };
		A4AAE06A21161EA200BB16B6 /* PreviewViewController.swift in Sources */ = {isa = PBXBuildFile; fileRef = A4AAE06921161EA200BB16B6 /* PreviewViewController.swift */; };
		A4B008832114EC47004EBBE4 /* AppDelegate.swift in Sources */ = {isa = PBXBuildFile; fileRef = A4B008822114EC47004EBBE4 /* AppDelegate.swift */; };
		A4B0088A2114EC49004EBBE4 /* Assets.xcassets in Resources */ = {isa = PBXBuildFile; fileRef = A4B008892114EC49004EBBE4 /* Assets.xcassets */; };
		A4B0088D2114EC49004EBBE4 /* LaunchScreen.storyboard in Resources */ = {isa = PBXBuildFile; fileRef = A4B0088B2114EC49004EBBE4 /* LaunchScreen.storyboard */; };
		A4B008982114EC49004EBBE4 /* SampleAppTests.swift in Sources */ = {isa = PBXBuildFile; fileRef = A4B008972114EC49004EBBE4 /* SampleAppTests.swift */; };
		A4B008A32114EC49004EBBE4 /* SampleAppUITests.swift in Sources */ = {isa = PBXBuildFile; fileRef = A4B008A22114EC49004EBBE4 /* SampleAppUITests.swift */; };
		F779FD471810E644EEE7B7C9 /* Pods_SampleApp.framework in Frameworks */ = {isa = PBXBuildFile; fileRef = 9EC2040A4FC71AFDA02D263B /* Pods_SampleApp.framework */; };
/* End PBXBuildFile section */

/* Begin PBXContainerItemProxy section */
		A4B008942114EC49004EBBE4 /* PBXContainerItemProxy */ = {
			isa = PBXContainerItemProxy;
			containerPortal = A4B008772114EC47004EBBE4 /* Project object */;
			proxyType = 1;
			remoteGlobalIDString = A4B0087E2114EC47004EBBE4;
			remoteInfo = SampleApp;
		};
		A4B0089F2114EC49004EBBE4 /* PBXContainerItemProxy */ = {
			isa = PBXContainerItemProxy;
			containerPortal = A4B008772114EC47004EBBE4 /* Project object */;
			proxyType = 1;
			remoteGlobalIDString = A4B0087E2114EC47004EBBE4;
			remoteInfo = SampleApp;
		};
/* End PBXContainerItemProxy section */

/* Begin PBXFileReference section */
		9D9A2BA658AE744734D2AF27 /* Pods-SampleApp.release.xcconfig */ = {isa = PBXFileReference; includeInIndex = 1; lastKnownFileType = text.xcconfig; name = "Pods-SampleApp.release.xcconfig"; path = "../Pods/Target Support Files/Pods-SampleApp/Pods-SampleApp.release.xcconfig"; sourceTree = "<group>"; };
		9EC2040A4FC71AFDA02D263B /* Pods_SampleApp.framework */ = {isa = PBXFileReference; explicitFileType = wrapper.framework; includeInIndex = 0; path = Pods_SampleApp.framework; sourceTree = BUILT_PRODUCTS_DIR; };
		A4AAE0622116179500BB16B6 /* Main.storyboard */ = {isa = PBXFileReference; lastKnownFileType = file.storyboard; path = Main.storyboard; sourceTree = "<group>"; };
		A4AAE0672116182200BB16B6 /* MainViewController.swift */ = {isa = PBXFileReference; lastKnownFileType = sourcecode.swift; path = MainViewController.swift; sourceTree = "<group>"; };
		A4AAE06921161EA200BB16B6 /* PreviewViewController.swift */ = {isa = PBXFileReference; lastKnownFileType = sourcecode.swift; path = PreviewViewController.swift; sourceTree = "<group>"; };
		A4B0087F2114EC47004EBBE4 /* SampleApp.app */ = {isa = PBXFileReference; explicitFileType = wrapper.application; includeInIndex = 0; path = SampleApp.app; sourceTree = BUILT_PRODUCTS_DIR; };
		A4B008822114EC47004EBBE4 /* AppDelegate.swift */ = {isa = PBXFileReference; lastKnownFileType = sourcecode.swift; path = AppDelegate.swift; sourceTree = "<group>"; };
		A4B008892114EC49004EBBE4 /* Assets.xcassets */ = {isa = PBXFileReference; lastKnownFileType = folder.assetcatalog; path = Assets.xcassets; sourceTree = "<group>"; };
		A4B0088C2114EC49004EBBE4 /* Base */ = {isa = PBXFileReference; lastKnownFileType = file.storyboard; name = Base; path = Base.lproj/LaunchScreen.storyboard; sourceTree = "<group>"; };
		A4B0088E2114EC49004EBBE4 /* Info.plist */ = {isa = PBXFileReference; lastKnownFileType = text.plist.xml; path = Info.plist; sourceTree = "<group>"; };
		A4B008932114EC49004EBBE4 /* SampleAppTests.xctest */ = {isa = PBXFileReference; explicitFileType = wrapper.cfbundle; includeInIndex = 0; path = SampleAppTests.xctest; sourceTree = BUILT_PRODUCTS_DIR; };
		A4B008972114EC49004EBBE4 /* SampleAppTests.swift */ = {isa = PBXFileReference; lastKnownFileType = sourcecode.swift; path = SampleAppTests.swift; sourceTree = "<group>"; };
		A4B008992114EC49004EBBE4 /* Info.plist */ = {isa = PBXFileReference; lastKnownFileType = text.plist.xml; path = Info.plist; sourceTree = "<group>"; };
		A4B0089E2114EC49004EBBE4 /* SampleAppUITests.xctest */ = {isa = PBXFileReference; explicitFileType = wrapper.cfbundle; includeInIndex = 0; path = SampleAppUITests.xctest; sourceTree = BUILT_PRODUCTS_DIR; };
		A4B008A22114EC49004EBBE4 /* SampleAppUITests.swift */ = {isa = PBXFileReference; lastKnownFileType = sourcecode.swift; path = SampleAppUITests.swift; sourceTree = "<group>"; };
		A4B008A42114EC49004EBBE4 /* Info.plist */ = {isa = PBXFileReference; lastKnownFileType = text.plist.xml; path = Info.plist; sourceTree = "<group>"; };
		A50490C7824F8489B51B8107 /* Pods-SampleApp.debug.xcconfig */ = {isa = PBXFileReference; includeInIndex = 1; lastKnownFileType = text.xcconfig; name = "Pods-SampleApp.debug.xcconfig"; path = "../Pods/Target Support Files/Pods-SampleApp/Pods-SampleApp.debug.xcconfig"; sourceTree = "<group>"; };
/* End PBXFileReference section */

/* Begin PBXFrameworksBuildPhase section */
		A4B0087C2114EC47004EBBE4 /* Frameworks */ = {
			isa = PBXFrameworksBuildPhase;
			buildActionMask = 2147483647;
			files = (
				F779FD471810E644EEE7B7C9 /* Pods_SampleApp.framework in Frameworks */,
			);
			runOnlyForDeploymentPostprocessing = 0;
		};
		A4B008902114EC49004EBBE4 /* Frameworks */ = {
			isa = PBXFrameworksBuildPhase;
			buildActionMask = 2147483647;
			files = (
			);
			runOnlyForDeploymentPostprocessing = 0;
		};
		A4B0089B2114EC49004EBBE4 /* Frameworks */ = {
			isa = PBXFrameworksBuildPhase;
			buildActionMask = 2147483647;
			files = (
			);
			runOnlyForDeploymentPostprocessing = 0;
		};
/* End PBXFrameworksBuildPhase section */

/* Begin PBXGroup section */
		4EE5BA0B88E4D156D1EC7042 /* Frameworks */ = {
			isa = PBXGroup;
			children = (
				9EC2040A4FC71AFDA02D263B /* Pods_SampleApp.framework */,
			);
			name = Frameworks;
			sourceTree = "<group>";
		};
		A4B008762114EC47004EBBE4 = {
			isa = PBXGroup;
			children = (
				A4B008812114EC47004EBBE4 /* SampleApp */,
				A4B008962114EC49004EBBE4 /* SampleAppTests */,
				A4B008A12114EC49004EBBE4 /* SampleAppUITests */,
				A4B008802114EC47004EBBE4 /* Products */,
				FE60D8D256B0E45A6E166CA1 /* Pods */,
				4EE5BA0B88E4D156D1EC7042 /* Frameworks */,
			);
			sourceTree = "<group>";
		};
		A4B008802114EC47004EBBE4 /* Products */ = {
			isa = PBXGroup;
			children = (
				A4B0087F2114EC47004EBBE4 /* SampleApp.app */,
				A4B008932114EC49004EBBE4 /* SampleAppTests.xctest */,
				A4B0089E2114EC49004EBBE4 /* SampleAppUITests.xctest */,
			);
			name = Products;
			sourceTree = "<group>";
		};
		A4B008812114EC47004EBBE4 /* SampleApp */ = {
			isa = PBXGroup;
			children = (
				A4B008822114EC47004EBBE4 /* AppDelegate.swift */,
				A4B008892114EC49004EBBE4 /* Assets.xcassets */,
				A4B0088B2114EC49004EBBE4 /* LaunchScreen.storyboard */,
				A4B0088E2114EC49004EBBE4 /* Info.plist */,
				A4AAE0622116179500BB16B6 /* Main.storyboard */,
				A4AAE0672116182200BB16B6 /* MainViewController.swift */,
				A4AAE06921161EA200BB16B6 /* PreviewViewController.swift */,
			);
			path = SampleApp;
			sourceTree = "<group>";
		};
		A4B008962114EC49004EBBE4 /* SampleAppTests */ = {
			isa = PBXGroup;
			children = (
				A4B008972114EC49004EBBE4 /* SampleAppTests.swift */,
				A4B008992114EC49004EBBE4 /* Info.plist */,
			);
			path = SampleAppTests;
			sourceTree = "<group>";
		};
		A4B008A12114EC49004EBBE4 /* SampleAppUITests */ = {
			isa = PBXGroup;
			children = (
				A4B008A22114EC49004EBBE4 /* SampleAppUITests.swift */,
				A4B008A42114EC49004EBBE4 /* Info.plist */,
			);
			path = SampleAppUITests;
			sourceTree = "<group>";
		};
		FE60D8D256B0E45A6E166CA1 /* Pods */ = {
			isa = PBXGroup;
			children = (
				A50490C7824F8489B51B8107 /* Pods-SampleApp.debug.xcconfig */,
				9D9A2BA658AE744734D2AF27 /* Pods-SampleApp.release.xcconfig */,
			);
			name = Pods;
			sourceTree = "<group>";
		};
/* End PBXGroup section */

/* Begin PBXNativeTarget section */
		A4B0087E2114EC47004EBBE4 /* SampleApp */ = {
			isa = PBXNativeTarget;
			buildConfigurationList = A4B008A72114EC49004EBBE4 /* Build configuration list for PBXNativeTarget "SampleApp" */;
			buildPhases = (
				A5A8E86B1B3D698F8B8760D2 /* [CP] Check Pods Manifest.lock */,
				A4B0087B2114EC47004EBBE4 /* Sources */,
				A4B0087C2114EC47004EBBE4 /* Frameworks */,
				A4B0087D2114EC47004EBBE4 /* Resources */,
				C184D00DF7181FE21F3AEEF2 /* [CP] Embed Pods Frameworks */,
			);
			buildRules = (
			);
			dependencies = (
			);
			name = SampleApp;
			productName = SampleApp;
			productReference = A4B0087F2114EC47004EBBE4 /* SampleApp.app */;
			productType = "com.apple.product-type.application";
		};
		A4B008922114EC49004EBBE4 /* SampleAppTests */ = {
			isa = PBXNativeTarget;
			buildConfigurationList = A4B008AA2114EC49004EBBE4 /* Build configuration list for PBXNativeTarget "SampleAppTests" */;
			buildPhases = (
				A4B0088F2114EC49004EBBE4 /* Sources */,
				A4B008902114EC49004EBBE4 /* Frameworks */,
				A4B008912114EC49004EBBE4 /* Resources */,
			);
			buildRules = (
			);
			dependencies = (
				A4B008952114EC49004EBBE4 /* PBXTargetDependency */,
			);
			name = SampleAppTests;
			productName = SampleAppTests;
			productReference = A4B008932114EC49004EBBE4 /* SampleAppTests.xctest */;
			productType = "com.apple.product-type.bundle.unit-test";
		};
		A4B0089D2114EC49004EBBE4 /* SampleAppUITests */ = {
			isa = PBXNativeTarget;
			buildConfigurationList = A4B008AD2114EC49004EBBE4 /* Build configuration list for PBXNativeTarget "SampleAppUITests" */;
			buildPhases = (
				A4B0089A2114EC49004EBBE4 /* Sources */,
				A4B0089B2114EC49004EBBE4 /* Frameworks */,
				A4B0089C2114EC49004EBBE4 /* Resources */,
			);
			buildRules = (
			);
			dependencies = (
				A4B008A02114EC49004EBBE4 /* PBXTargetDependency */,
			);
			name = SampleAppUITests;
			productName = SampleAppUITests;
			productReference = A4B0089E2114EC49004EBBE4 /* SampleAppUITests.xctest */;
			productType = "com.apple.product-type.bundle.ui-testing";
		};
/* End PBXNativeTarget section */

/* Begin PBXProject section */
		A4B008772114EC47004EBBE4 /* Project object */ = {
			isa = PBXProject;
			attributes = {
				LastSwiftUpdateCheck = 0940;
				LastUpgradeCheck = 0940;
				ORGANIZATIONNAME = "Abdullah Selek";
				TargetAttributes = {
					A4B0087E2114EC47004EBBE4 = {
						CreatedOnToolsVersion = 9.4.1;
						LastSwiftMigration = 0940;
					};
					A4B008922114EC49004EBBE4 = {
						CreatedOnToolsVersion = 9.4.1;
						TestTargetID = A4B0087E2114EC47004EBBE4;
					};
					A4B0089D2114EC49004EBBE4 = {
						CreatedOnToolsVersion = 9.4.1;
						TestTargetID = A4B0087E2114EC47004EBBE4;
					};
				};
			};
			buildConfigurationList = A4B0087A2114EC47004EBBE4 /* Build configuration list for PBXProject "SampleApp" */;
			compatibilityVersion = "Xcode 9.3";
			developmentRegion = en;
			hasScannedForEncodings = 0;
			knownRegions = (
				en,
				Base,
			);
			mainGroup = A4B008762114EC47004EBBE4;
			productRefGroup = A4B008802114EC47004EBBE4 /* Products */;
			projectDirPath = "";
			projectRoot = "";
			targets = (
				A4B0087E2114EC47004EBBE4 /* SampleApp */,
				A4B008922114EC49004EBBE4 /* SampleAppTests */,
				A4B0089D2114EC49004EBBE4 /* SampleAppUITests */,
			);
		};
/* End PBXProject section */

/* Begin PBXResourcesBuildPhase section */
		A4B0087D2114EC47004EBBE4 /* Resources */ = {
			isa = PBXResourcesBuildPhase;
			buildActionMask = 2147483647;
			files = (
				A4AAE0632116179500BB16B6 /* Main.storyboard in Resources */,
				A4B0088D2114EC49004EBBE4 /* LaunchScreen.storyboard in Resources */,
				A4B0088A2114EC49004EBBE4 /* Assets.xcassets in Resources */,
			);
			runOnlyForDeploymentPostprocessing = 0;
		};
		A4B008912114EC49004EBBE4 /* Resources */ = {
			isa = PBXResourcesBuildPhase;
			buildActionMask = 2147483647;
			files = (
			);
			runOnlyForDeploymentPostprocessing = 0;
		};
		A4B0089C2114EC49004EBBE4 /* Resources */ = {
			isa = PBXResourcesBuildPhase;
			buildActionMask = 2147483647;
			files = (
			);
			runOnlyForDeploymentPostprocessing = 0;
		};
/* End PBXResourcesBuildPhase section */

/* Begin PBXShellScriptBuildPhase section */
		A5A8E86B1B3D698F8B8760D2 /* [CP] Check Pods Manifest.lock */ = {
			isa = PBXShellScriptBuildPhase;
			buildActionMask = 2147483647;
			files = (
			);
			inputPaths = (
				"${PODS_PODFILE_DIR_PATH}/Podfile.lock",
				"${PODS_ROOT}/Manifest.lock",
			);
			name = "[CP] Check Pods Manifest.lock";
			outputPaths = (
				"$(DERIVED_FILE_DIR)/Pods-SampleApp-checkManifestLockResult.txt",
			);
			runOnlyForDeploymentPostprocessing = 0;
			shellPath = /bin/sh;
			shellScript = "diff \"${PODS_PODFILE_DIR_PATH}/Podfile.lock\" \"${PODS_ROOT}/Manifest.lock\" > /dev/null\nif [ $? != 0 ] ; then\n    # print error to STDERR\n    echo \"error: The sandbox is not in sync with the Podfile.lock. Run 'pod install' or update your CocoaPods installation.\" >&2\n    exit 1\nfi\n# This output is used by Xcode 'outputs' to avoid re-running this script phase.\necho \"SUCCESS\" > \"${SCRIPT_OUTPUT_FILE_0}\"\n";
			showEnvVarsInLog = 0;
		};
		C184D00DF7181FE21F3AEEF2 /* [CP] Embed Pods Frameworks */ = {
			isa = PBXShellScriptBuildPhase;
			buildActionMask = 2147483647;
			files = (
			);
			inputPaths = (
				"${SRCROOT}/../Pods/Target Support Files/Pods-SampleApp/Pods-SampleApp-frameworks.sh",
				"${BUILT_PRODUCTS_DIR}/TakeASelfie/TakeASelfie.framework",
			);
			name = "[CP] Embed Pods Frameworks";
			outputPaths = (
				"${TARGET_BUILD_DIR}/${FRAMEWORKS_FOLDER_PATH}/TakeASelfie.framework",
			);
			runOnlyForDeploymentPostprocessing = 0;
			shellPath = /bin/sh;
			shellScript = "\"${SRCROOT}/../Pods/Target Support Files/Pods-SampleApp/Pods-SampleApp-frameworks.sh\"\n";
			showEnvVarsInLog = 0;
		};
/* End PBXShellScriptBuildPhase section */

/* Begin PBXSourcesBuildPhase section */
		A4B0087B2114EC47004EBBE4 /* Sources */ = {
			isa = PBXSourcesBuildPhase;
			buildActionMask = 2147483647;
			files = (
				A4B008832114EC47004EBBE4 /* AppDelegate.swift in Sources */,
				A4AAE0682116182200BB16B6 /* MainViewController.swift in Sources */,
				A4AAE06A21161EA200BB16B6 /* PreviewViewController.swift in Sources */,
			);
			runOnlyForDeploymentPostprocessing = 0;
		};
		A4B0088F2114EC49004EBBE4 /* Sources */ = {
			isa = PBXSourcesBuildPhase;
			buildActionMask = 2147483647;
			files = (
				A4B008982114EC49004EBBE4 /* SampleAppTests.swift in Sources */,
			);
			runOnlyForDeploymentPostprocessing = 0;
		};
		A4B0089A2114EC49004EBBE4 /* Sources */ = {
			isa = PBXSourcesBuildPhase;
			buildActionMask = 2147483647;
			files = (
				A4B008A32114EC49004EBBE4 /* SampleAppUITests.swift in Sources */,
			);
			runOnlyForDeploymentPostprocessing = 0;
		};
/* End PBXSourcesBuildPhase section */

/* Begin PBXTargetDependency section */
		A4B008952114EC49004EBBE4 /* PBXTargetDependency */ = {
			isa = PBXTargetDependency;
			target = A4B0087E2114EC47004EBBE4 /* SampleApp */;
			targetProxy = A4B008942114EC49004EBBE4 /* PBXContainerItemProxy */;
		};
		A4B008A02114EC49004EBBE4 /* PBXTargetDependency */ = {
			isa = PBXTargetDependency;
			target = A4B0087E2114EC47004EBBE4 /* SampleApp */;
			targetProxy = A4B0089F2114EC49004EBBE4 /* PBXContainerItemProxy */;
		};
/* End PBXTargetDependency section */

/* Begin PBXVariantGroup section */
		A4B0088B2114EC49004EBBE4 /* LaunchScreen.storyboard */ = {
			isa = PBXVariantGroup;
			children = (
				A4B0088C2114EC49004EBBE4 /* Base */,
			);
			name = LaunchScreen.storyboard;
			sourceTree = "<group>";
		};
/* End PBXVariantGroup section */

/* Begin XCBuildConfiguration section */
		A4B008A52114EC49004EBBE4 /* Debug */ = {
			isa = XCBuildConfiguration;
			buildSettings = {
				ALWAYS_SEARCH_USER_PATHS = NO;
				CLANG_ANALYZER_NONNULL = YES;
				CLANG_ANALYZER_NUMBER_OBJECT_CONVERSION = YES_AGGRESSIVE;
				CLANG_CXX_LANGUAGE_STANDARD = "gnu++14";
				CLANG_CXX_LIBRARY = "libc++";
				CLANG_ENABLE_MODULES = YES;
				CLANG_ENABLE_OBJC_ARC = YES;
				CLANG_ENABLE_OBJC_WEAK = YES;
				CLANG_WARN_BLOCK_CAPTURE_AUTORELEASING = YES;
				CLANG_WARN_BOOL_CONVERSION = YES;
				CLANG_WARN_COMMA = YES;
				CLANG_WARN_CONSTANT_CONVERSION = YES;
				CLANG_WARN_DEPRECATED_OBJC_IMPLEMENTATIONS = YES;
				CLANG_WARN_DIRECT_OBJC_ISA_USAGE = YES_ERROR;
				CLANG_WARN_DOCUMENTATION_COMMENTS = YES;
				CLANG_WARN_EMPTY_BODY = YES;
				CLANG_WARN_ENUM_CONVERSION = YES;
				CLANG_WARN_INFINITE_RECURSION = YES;
				CLANG_WARN_INT_CONVERSION = YES;
				CLANG_WARN_NON_LITERAL_NULL_CONVERSION = YES;
				CLANG_WARN_OBJC_IMPLICIT_RETAIN_SELF = YES;
				CLANG_WARN_OBJC_LITERAL_CONVERSION = YES;
				CLANG_WARN_OBJC_ROOT_CLASS = YES_ERROR;
				CLANG_WARN_RANGE_LOOP_ANALYSIS = YES;
				CLANG_WARN_STRICT_PROTOTYPES = YES;
				CLANG_WARN_SUSPICIOUS_MOVE = YES;
				CLANG_WARN_UNGUARDED_AVAILABILITY = YES_AGGRESSIVE;
				CLANG_WARN_UNREACHABLE_CODE = YES;
				CLANG_WARN__DUPLICATE_METHOD_MATCH = YES;
				CODE_SIGN_IDENTITY = "iPhone Developer";
				COPY_PHASE_STRIP = NO;
				DEBUG_INFORMATION_FORMAT = dwarf;
				ENABLE_STRICT_OBJC_MSGSEND = YES;
				ENABLE_TESTABILITY = YES;
				GCC_C_LANGUAGE_STANDARD = gnu11;
				GCC_DYNAMIC_NO_PIC = NO;
				GCC_NO_COMMON_BLOCKS = YES;
				GCC_OPTIMIZATION_LEVEL = 0;
				GCC_PREPROCESSOR_DEFINITIONS = (
					"DEBUG=1",
					"$(inherited)",
				);
				GCC_WARN_64_TO_32_BIT_CONVERSION = YES;
				GCC_WARN_ABOUT_RETURN_TYPE = YES_ERROR;
				GCC_WARN_UNDECLARED_SELECTOR = YES;
				GCC_WARN_UNINITIALIZED_AUTOS = YES_AGGRESSIVE;
				GCC_WARN_UNUSED_FUNCTION = YES;
				GCC_WARN_UNUSED_VARIABLE = YES;
				IPHONEOS_DEPLOYMENT_TARGET = 11.0;
				MTL_ENABLE_DEBUG_INFO = YES;
				ONLY_ACTIVE_ARCH = YES;
				SDKROOT = iphoneos;
				SWIFT_ACTIVE_COMPILATION_CONDITIONS = DEBUG;
				SWIFT_OPTIMIZATION_LEVEL = "-Onone";
			};
			name = Debug;
		};
		A4B008A62114EC49004EBBE4 /* Release */ = {
			isa = XCBuildConfiguration;
			buildSettings = {
				ALWAYS_SEARCH_USER_PATHS = NO;
				CLANG_ANALYZER_NONNULL = YES;
				CLANG_ANALYZER_NUMBER_OBJECT_CONVERSION = YES_AGGRESSIVE;
				CLANG_CXX_LANGUAGE_STANDARD = "gnu++14";
				CLANG_CXX_LIBRARY = "libc++";
				CLANG_ENABLE_MODULES = YES;
				CLANG_ENABLE_OBJC_ARC = YES;
				CLANG_ENABLE_OBJC_WEAK = YES;
				CLANG_WARN_BLOCK_CAPTURE_AUTORELEASING = YES;
				CLANG_WARN_BOOL_CONVERSION = YES;
				CLANG_WARN_COMMA = YES;
				CLANG_WARN_CONSTANT_CONVERSION = YES;
				CLANG_WARN_DEPRECATED_OBJC_IMPLEMENTATIONS = YES;
				CLANG_WARN_DIRECT_OBJC_ISA_USAGE = YES_ERROR;
				CLANG_WARN_DOCUMENTATION_COMMENTS = YES;
				CLANG_WARN_EMPTY_BODY = YES;
				CLANG_WARN_ENUM_CONVERSION = YES;
				CLANG_WARN_INFINITE_RECURSION = YES;
				CLANG_WARN_INT_CONVERSION = YES;
				CLANG_WARN_NON_LITERAL_NULL_CONVERSION = YES;
				CLANG_WARN_OBJC_IMPLICIT_RETAIN_SELF = YES;
				CLANG_WARN_OBJC_LITERAL_CONVERSION = YES;
				CLANG_WARN_OBJC_ROOT_CLASS = YES_ERROR;
				CLANG_WARN_RANGE_LOOP_ANALYSIS = YES;
				CLANG_WARN_STRICT_PROTOTYPES = YES;
				CLANG_WARN_SUSPICIOUS_MOVE = YES;
				CLANG_WARN_UNGUARDED_AVAILABILITY = YES_AGGRESSIVE;
				CLANG_WARN_UNREACHABLE_CODE = YES;
				CLANG_WARN__DUPLICATE_METHOD_MATCH = YES;
				CODE_SIGN_IDENTITY = "iPhone Developer";
				COPY_PHASE_STRIP = NO;
				DEBUG_INFORMATION_FORMAT = "dwarf-with-dsym";
				ENABLE_NS_ASSERTIONS = NO;
				ENABLE_STRICT_OBJC_MSGSEND = YES;
				GCC_C_LANGUAGE_STANDARD = gnu11;
				GCC_NO_COMMON_BLOCKS = YES;
				GCC_WARN_64_TO_32_BIT_CONVERSION = YES;
				GCC_WARN_ABOUT_RETURN_TYPE = YES_ERROR;
				GCC_WARN_UNDECLARED_SELECTOR = YES;
				GCC_WARN_UNINITIALIZED_AUTOS = YES_AGGRESSIVE;
				GCC_WARN_UNUSED_FUNCTION = YES;
				GCC_WARN_UNUSED_VARIABLE = YES;
				IPHONEOS_DEPLOYMENT_TARGET = 11.0;
				MTL_ENABLE_DEBUG_INFO = NO;
				SDKROOT = iphoneos;
				SWIFT_COMPILATION_MODE = wholemodule;
				SWIFT_OPTIMIZATION_LEVEL = "-O";
				VALIDATE_PRODUCT = YES;
			};
			name = Release;
		};
		A4B008A82114EC49004EBBE4 /* Debug */ = {
			isa = XCBuildConfiguration;
			baseConfigurationReference = A50490C7824F8489B51B8107 /* Pods-SampleApp.debug.xcconfig */;
			buildSettings = {
				ASSETCATALOG_COMPILER_APPICON_NAME = AppIcon;
				CLANG_ENABLE_MODULES = YES;
				CODE_SIGN_STYLE = Automatic;
				DEVELOPMENT_TEAM = 5EHDAGHZ78;
				INFOPLIST_FILE = SampleApp/Info.plist;
				IPHONEOS_DEPLOYMENT_TARGET = 11.0;
				LD_RUNPATH_SEARCH_PATHS = (
					"$(inherited)",
					"@executable_path/Frameworks",
				);
				PRODUCT_BUNDLE_IDENTIFIER = com.abdullahselek.SampleApp;
				PRODUCT_NAME = "$(TARGET_NAME)";
				SWIFT_OPTIMIZATION_LEVEL = "-Onone";
				SWIFT_VERSION = 4.0;
				TARGETED_DEVICE_FAMILY = "1,2";
			};
			name = Debug;
		};
		A4B008A92114EC49004EBBE4 /* Release */ = {
			isa = XCBuildConfiguration;
			baseConfigurationReference = 9D9A2BA658AE744734D2AF27 /* Pods-SampleApp.release.xcconfig */;
			buildSettings = {
				ASSETCATALOG_COMPILER_APPICON_NAME = AppIcon;
				CLANG_ENABLE_MODULES = YES;
				CODE_SIGN_STYLE = Automatic;
				DEVELOPMENT_TEAM = 5EHDAGHZ78;
				INFOPLIST_FILE = SampleApp/Info.plist;
				IPHONEOS_DEPLOYMENT_TARGET = 11.0;
				LD_RUNPATH_SEARCH_PATHS = (
					"$(inherited)",
					"@executable_path/Frameworks",
				);
				PRODUCT_BUNDLE_IDENTIFIER = com.abdullahselek.SampleApp;
				PRODUCT_NAME = "$(TARGET_NAME)";
				SWIFT_VERSION = 4.0;
				TARGETED_DEVICE_FAMILY = "1,2";
			};
			name = Release;
		};
		A4B008AB2114EC49004EBBE4 /* Debug */ = {
			isa = XCBuildConfiguration;
			buildSettings = {
				ALWAYS_EMBED_SWIFT_STANDARD_LIBRARIES = YES;
				BUNDLE_LOADER = "$(TEST_HOST)";
				CODE_SIGN_STYLE = Automatic;
				INFOPLIST_FILE = SampleAppTests/Info.plist;
				LD_RUNPATH_SEARCH_PATHS = (
					"$(inherited)",
					"@executable_path/Frameworks",
					"@loader_path/Frameworks",
				);
				PRODUCT_BUNDLE_IDENTIFIER = com.abdullahselek.SampleAppTests;
				PRODUCT_NAME = "$(TARGET_NAME)";
				SWIFT_VERSION = 4.0;
				TARGETED_DEVICE_FAMILY = "1,2";
				TEST_HOST = "$(BUILT_PRODUCTS_DIR)/SampleApp.app/SampleApp";
			};
			name = Debug;
		};
		A4B008AC2114EC49004EBBE4 /* Release */ = {
			isa = XCBuildConfiguration;
			buildSettings = {
				ALWAYS_EMBED_SWIFT_STANDARD_LIBRARIES = YES;
				BUNDLE_LOADER = "$(TEST_HOST)";
				CODE_SIGN_STYLE = Automatic;
				INFOPLIST_FILE = SampleAppTests/Info.plist;
				LD_RUNPATH_SEARCH_PATHS = (
					"$(inherited)",
					"@executable_path/Frameworks",
					"@loader_path/Frameworks",
				);
				PRODUCT_BUNDLE_IDENTIFIER = com.abdullahselek.SampleAppTests;
				PRODUCT_NAME = "$(TARGET_NAME)";
				SWIFT_VERSION = 4.0;
				TARGETED_DEVICE_FAMILY = "1,2";
				TEST_HOST = "$(BUILT_PRODUCTS_DIR)/SampleApp.app/SampleApp";
			};
			name = Release;
		};
		A4B008AE2114EC49004EBBE4 /* Debug */ = {
			isa = XCBuildConfiguration;
			buildSettings = {
				ALWAYS_EMBED_SWIFT_STANDARD_LIBRARIES = YES;
				CODE_SIGN_STYLE = Automatic;
				INFOPLIST_FILE = SampleAppUITests/Info.plist;
				LD_RUNPATH_SEARCH_PATHS = (
					"$(inherited)",
					"@executable_path/Frameworks",
					"@loader_path/Frameworks",
				);
				PRODUCT_BUNDLE_IDENTIFIER = com.abdullahselek.SampleAppUITests;
				PRODUCT_NAME = "$(TARGET_NAME)";
				SWIFT_VERSION = 4.0;
				TARGETED_DEVICE_FAMILY = "1,2";
				TEST_TARGET_NAME = SampleApp;
			};
			name = Debug;
		};
		A4B008AF2114EC49004EBBE4 /* Release */ = {
			isa = XCBuildConfiguration;
			buildSettings = {
				ALWAYS_EMBED_SWIFT_STANDARD_LIBRARIES = YES;
				CODE_SIGN_STYLE = Automatic;
				INFOPLIST_FILE = SampleAppUITests/Info.plist;
				LD_RUNPATH_SEARCH_PATHS = (
					"$(inherited)",
					"@executable_path/Frameworks",
					"@loader_path/Frameworks",
				);
				PRODUCT_BUNDLE_IDENTIFIER = com.abdullahselek.SampleAppUITests;
				PRODUCT_NAME = "$(TARGET_NAME)";
				SWIFT_VERSION = 4.0;
				TARGETED_DEVICE_FAMILY = "1,2";
				TEST_TARGET_NAME = SampleApp;
			};
			name = Release;
		};
/* End XCBuildConfiguration section */

/* Begin XCConfigurationList section */
		A4B0087A2114EC47004EBBE4 /* Build configuration list for PBXProject "SampleApp" */ = {
			isa = XCConfigurationList;
			buildConfigurations = (
				A4B008A52114EC49004EBBE4 /* Debug */,
				A4B008A62114EC49004EBBE4 /* Release */,
			);
			defaultConfigurationIsVisible = 0;
			defaultConfigurationName = Release;
		};
		A4B008A72114EC49004EBBE4 /* Build configuration list for PBXNativeTarget "SampleApp" */ = {
			isa = XCConfigurationList;
			buildConfigurations = (
				A4B008A82114EC49004EBBE4 /* Debug */,
				A4B008A92114EC49004EBBE4 /* Release */,
			);
			defaultConfigurationIsVisible = 0;
			defaultConfigurationName = Release;
		};
		A4B008AA2114EC49004EBBE4 /* Build configuration list for PBXNativeTarget "SampleAppTests" */ = {
			isa = XCConfigurationList;
			buildConfigurations = (
				A4B008AB2114EC49004EBBE4 /* Debug */,
				A4B008AC2114EC49004EBBE4 /* Release */,
			);
			defaultConfigurationIsVisible = 0;
			defaultConfigurationName = Release;
		};
		A4B008AD2114EC49004EBBE4 /* Build configuration list for PBXNativeTarget "SampleAppUITests" */ = {
			isa = XCConfigurationList;
			buildConfigurations = (
				A4B008AE2114EC49004EBBE4 /* Debug */,
				A4B008AF2114EC49004EBBE4 /* Release */,
			);
			defaultConfigurationIsVisible = 0;
			defaultConfigurationName = Release;
		};
/* End XCConfigurationList section */
	};
	rootObject = A4B008772114EC47004EBBE4 /* Project object */;
}
